// !$*UTF8*$!
{
	archiveVersion = 1;
	classes = {
	};
	objectVersion = 55;
	objects = {

/* Begin PBXBuildFile section */
		0B10EFB13C0BB2D5332AD0D6 /* Pods_FirebaseCloudFireStorePractice.framework in Frameworks */ = {isa = PBXBuildFile; fileRef = 1826BC03A6490ECBCE46251B /* Pods_FirebaseCloudFireStorePractice.framework */; };
		75093DEA27118ED10010787D /* AppDelegate.swift in Sources */ = {isa = PBXBuildFile; fileRef = 75093DE927118ED10010787D /* AppDelegate.swift */; };
		75093DEC27118ED10010787D /* SceneDelegate.swift in Sources */ = {isa = PBXBuildFile; fileRef = 75093DEB27118ED10010787D /* SceneDelegate.swift */; };
		75093DEE27118ED10010787D /* ViewController.swift in Sources */ = {isa = PBXBuildFile; fileRef = 75093DED27118ED10010787D /* ViewController.swift */; };
		75093DF127118ED10010787D /* Main.storyboard in Resources */ = {isa = PBXBuildFile; fileRef = 75093DEF27118ED10010787D /* Main.storyboard */; };
		75093DF327118ED50010787D /* Assets.xcassets in Resources */ = {isa = PBXBuildFile; fileRef = 75093DF227118ED50010787D /* Assets.xcassets */; };
		75093DF627118ED50010787D /* LaunchScreen.storyboard in Resources */ = {isa = PBXBuildFile; fileRef = 75093DF427118ED50010787D /* LaunchScreen.storyboard */; };
		75093E00271192910010787D /* GoogleService-Info.plist in Resources */ = {isa = PBXBuildFile; fileRef = 75093DFF271192910010787D /* GoogleService-Info.plist */; };
		7584853A2711BFB100B1D4C9 /* SignUpViewController.swift in Sources */ = {isa = PBXBuildFile; fileRef = 758485392711BFB100B1D4C9 /* SignUpViewController.swift */; };
		7584853C2711BFC500B1D4C9 /* LoginViewController.swift in Sources */ = {isa = PBXBuildFile; fileRef = 7584853B2711BFC500B1D4C9 /* LoginViewController.swift */; };
		7584853E2711C16A00B1D4C9 /* FirebaseUtil.swift in Sources */ = {isa = PBXBuildFile; fileRef = 7584853D2711C16A00B1D4C9 /* FirebaseUtil.swift */; };
		758485402711C88600B1D4C9 /* CloudFireStoreTestViewController.swift in Sources */ = {isa = PBXBuildFile; fileRef = 7584853F2711C88600B1D4C9 /* CloudFireStoreTestViewController.swift */; };
/* End PBXBuildFile section */

/* Begin PBXFileReference section */
		1826BC03A6490ECBCE46251B /* Pods_FirebaseCloudFireStorePractice.framework */ = {isa = PBXFileReference; explicitFileType = wrapper.framework; includeInIndex = 0; path = Pods_FirebaseCloudFireStorePractice.framework; sourceTree = BUILT_PRODUCTS_DIR; };
		4E138FE3EB8CB1B9F596AB47 /* Pods-FirebaseCloudFireStorePractice.release.xcconfig */ = {isa = PBXFileReference; includeInIndex = 1; lastKnownFileType = text.xcconfig; name = "Pods-FirebaseCloudFireStorePractice.release.xcconfig"; path = "Target Support Files/Pods-FirebaseCloudFireStorePractice/Pods-FirebaseCloudFireStorePractice.release.xcconfig"; sourceTree = "<group>"; };
		75093DE627118ED10010787D /* FirebaseCloudFireStorePractice.app */ = {isa = PBXFileReference; explicitFileType = wrapper.application; includeInIndex = 0; path = FirebaseCloudFireStorePractice.app; sourceTree = BUILT_PRODUCTS_DIR; };
		75093DE927118ED10010787D /* AppDelegate.swift */ = {isa = PBXFileReference; lastKnownFileType = sourcecode.swift; path = AppDelegate.swift; sourceTree = "<group>"; };
		75093DEB27118ED10010787D /* SceneDelegate.swift */ = {isa = PBXFileReference; lastKnownFileType = sourcecode.swift; path = SceneDelegate.swift; sourceTree = "<group>"; };
		75093DED27118ED10010787D /* ViewController.swift */ = {isa = PBXFileReference; lastKnownFileType = sourcecode.swift; path = ViewController.swift; sourceTree = "<group>"; };
		75093DF027118ED10010787D /* Base */ = {isa = PBXFileReference; lastKnownFileType = file.storyboard; name = Base; path = Base.lproj/Main.storyboard; sourceTree = "<group>"; };
		75093DF227118ED50010787D /* Assets.xcassets */ = {isa = PBXFileReference; lastKnownFileType = folder.assetcatalog; path = Assets.xcassets; sourceTree = "<group>"; };
		75093DF527118ED50010787D /* Base */ = {isa = PBXFileReference; lastKnownFileType = file.storyboard; name = Base; path = Base.lproj/LaunchScreen.storyboard; sourceTree = "<group>"; };
		75093DF727118ED50010787D /* Info.plist */ = {isa = PBXFileReference; lastKnownFileType = text.plist.xml; path = Info.plist; sourceTree = "<group>"; };
		75093DFF271192910010787D /* GoogleService-Info.plist */ = {isa = PBXFileReference; fileEncoding = 4; lastKnownFileType = text.plist.xml; path = "GoogleService-Info.plist"; sourceTree = "<group>"; };
		758485392711BFB100B1D4C9 /* SignUpViewController.swift */ = {isa = PBXFileReference; lastKnownFileType = sourcecode.swift; path = SignUpViewController.swift; sourceTree = "<group>"; };
		7584853B2711BFC500B1D4C9 /* LoginViewController.swift */ = {isa = PBXFileReference; lastKnownFileType = sourcecode.swift; path = LoginViewController.swift; sourceTree = "<group>"; };
		7584853D2711C16A00B1D4C9 /* FirebaseUtil.swift */ = {isa = PBXFileReference; lastKnownFileType = sourcecode.swift; path = FirebaseUtil.swift; sourceTree = "<group>"; };
		7584853F2711C88600B1D4C9 /* CloudFireStoreTestViewController.swift */ = {isa = PBXFileReference; lastKnownFileType = sourcecode.swift; path = CloudFireStoreTestViewController.swift; sourceTree = "<group>"; };
		D90F89FA49CC995DDF0641E5 /* Pods-FirebaseCloudFireStorePractice.debug.xcconfig */ = {isa = PBXFileReference; includeInIndex = 1; lastKnownFileType = text.xcconfig; name = "Pods-FirebaseCloudFireStorePractice.debug.xcconfig"; path = "Target Support Files/Pods-FirebaseCloudFireStorePractice/Pods-FirebaseCloudFireStorePractice.debug.xcconfig"; sourceTree = "<group>"; };
/* End PBXFileReference section */

/* Begin PBXFrameworksBuildPhase section */
		75093DE327118ED10010787D /* Frameworks */ = {
			isa = PBXFrameworksBuildPhase;
			buildActionMask = 2147483647;
			files = (
				0B10EFB13C0BB2D5332AD0D6 /* Pods_FirebaseCloudFireStorePractice.framework in Frameworks */,
			);
			runOnlyForDeploymentPostprocessing = 0;
		};
/* End PBXFrameworksBuildPhase section */

/* Begin PBXGroup section */
		25BCDEAB3F605346BFCC7F95 /* Pods */ = {
			isa = PBXGroup;
			children = (
				D90F89FA49CC995DDF0641E5 /* Pods-FirebaseCloudFireStorePractice.debug.xcconfig */,
				4E138FE3EB8CB1B9F596AB47 /* Pods-FirebaseCloudFireStorePractice.release.xcconfig */,
			);
			path = Pods;
			sourceTree = "<group>";
		};
		75093DDD27118ED10010787D = {
			isa = PBXGroup;
			children = (
				75093DE827118ED10010787D /* FirebaseCloudFireStorePractice */,
				75093DE727118ED10010787D /* Products */,
				25BCDEAB3F605346BFCC7F95 /* Pods */,
				786D0764206FB19F88AA0CFA /* Frameworks */,
			);
			sourceTree = "<group>";
		};
		75093DE727118ED10010787D /* Products */ = {
			isa = PBXGroup;
			children = (
				75093DE627118ED10010787D /* FirebaseCloudFireStorePractice.app */,
			);
			name = Products;
			sourceTree = "<group>";
		};
		75093DE827118ED10010787D /* FirebaseCloudFireStorePractice */ = {
			isa = PBXGroup;
			children = (
				75093DE927118ED10010787D /* AppDelegate.swift */,
				75093DEB27118ED10010787D /* SceneDelegate.swift */,
				75093DED27118ED10010787D /* ViewController.swift */,
				758485392711BFB100B1D4C9 /* SignUpViewController.swift */,
				7584853B2711BFC500B1D4C9 /* LoginViewController.swift */,
				7584853F2711C88600B1D4C9 /* CloudFireStoreTestViewController.swift */,
				75093DEF27118ED10010787D /* Main.storyboard */,
				75093DF227118ED50010787D /* Assets.xcassets */,
				75093DF427118ED50010787D /* LaunchScreen.storyboard */,
				75093DF727118ED50010787D /* Info.plist */,
				75093DFF271192910010787D /* GoogleService-Info.plist */,
				7584853D2711C16A00B1D4C9 /* FirebaseUtil.swift */,
			);
			path = FirebaseCloudFireStorePractice;
			sourceTree = "<group>";
		};
		786D0764206FB19F88AA0CFA /* Frameworks */ = {
			isa = PBXGroup;
			children = (
				1826BC03A6490ECBCE46251B /* Pods_FirebaseCloudFireStorePractice.framework */,
			);
			name = Frameworks;
			sourceTree = "<group>";
		};
/* End PBXGroup section */

/* Begin PBXNativeTarget section */
		75093DE527118ED10010787D /* FirebaseCloudFireStorePractice */ = {
			isa = PBXNativeTarget;
			buildConfigurationList = 75093DFA27118ED50010787D /* Build configuration list for PBXNativeTarget "FirebaseCloudFireStorePractice" */;
			buildPhases = (
				154FDB2849138652B373D914 /* [CP] Check Pods Manifest.lock */,
				75093DE227118ED10010787D /* Sources */,
				75093DE327118ED10010787D /* Frameworks */,
				75093DE427118ED10010787D /* Resources */,
				40C68CFF47BC3F0A169200F1 /* [CP] Embed Pods Frameworks */,
			);
			buildRules = (
			);
			dependencies = (
			);
			name = FirebaseCloudFireStorePractice;
			productName = FirebaseCloudFireStorePractice;
			productReference = 75093DE627118ED10010787D /* FirebaseCloudFireStorePractice.app */;
			productType = "com.apple.product-type.application";
		};
/* End PBXNativeTarget section */

/* Begin PBXProject section */
		75093DDE27118ED10010787D /* Project object */ = {
			isa = PBXProject;
			attributes = {
				BuildIndependentTargetsInParallel = 1;
				LastSwiftUpdateCheck = 1300;
				LastUpgradeCheck = 1300;
				TargetAttributes = {
					75093DE527118ED10010787D = {
						CreatedOnToolsVersion = 13.0;
					};
				};
			};
			buildConfigurationList = 75093DE127118ED10010787D /* Build configuration list for PBXProject "FirebaseCloudFireStorePractice" */;
			compatibilityVersion = "Xcode 13.0";
			developmentRegion = en;
			hasScannedForEncodings = 0;
			knownRegions = (
				en,
				Base,
			);
			mainGroup = 75093DDD27118ED10010787D;
			productRefGroup = 75093DE727118ED10010787D /* Products */;
			projectDirPath = "";
			projectRoot = "";
			targets = (
				75093DE527118ED10010787D /* FirebaseCloudFireStorePractice */,
			);
		};
/* End PBXProject section */

/* Begin PBXResourcesBuildPhase section */
		75093DE427118ED10010787D /* Resources */ = {
			isa = PBXResourcesBuildPhase;
			buildActionMask = 2147483647;
			files = (
				75093DF627118ED50010787D /* LaunchScreen.storyboard in Resources */,
				75093E00271192910010787D /* GoogleService-Info.plist in Resources */,
				75093DF327118ED50010787D /* Assets.xcassets in Resources */,
				75093DF127118ED10010787D /* Main.storyboard in Resources */,
			);
			runOnlyForDeploymentPostprocessing = 0;
		};
/* End PBXResourcesBuildPhase section */

/* Begin PBXShellScriptBuildPhase section */
		154FDB2849138652B373D914 /* [CP] Check Pods Manifest.lock */ = {
			isa = PBXShellScriptBuildPhase;
			buildActionMask = 2147483647;
			files = (
			);
			inputFileListPaths = (
			);
			inputPaths = (
				"${PODS_PODFILE_DIR_PATH}/Podfile.lock",
				"${PODS_ROOT}/Manifest.lock",
			);
			name = "[CP] Check Pods Manifest.lock";
			outputFileListPaths = (
			);
			outputPaths = (
				"$(DERIVED_FILE_DIR)/Pods-FirebaseCloudFireStorePractice-checkManifestLockResult.txt",
			);
			runOnlyForDeploymentPostprocessing = 0;
			shellPath = /bin/sh;
			shellScript = "diff \"${PODS_PODFILE_DIR_PATH}/Podfile.lock\" \"${PODS_ROOT}/Manifest.lock\" > /dev/null\nif [ $? != 0 ] ; then\n    # print error to STDERR\n    echo \"error: The sandbox is not in sync with the Podfile.lock. Run 'pod install' or update your CocoaPods installation.\" >&2\n    exit 1\nfi\n# This output is used by Xcode 'outputs' to avoid re-running this script phase.\necho \"SUCCESS\" > \"${SCRIPT_OUTPUT_FILE_0}\"\n";
			showEnvVarsInLog = 0;
		};
		40C68CFF47BC3F0A169200F1 /* [CP] Embed Pods Frameworks */ = {
			isa = PBXShellScriptBuildPhase;
			buildActionMask = 2147483647;
			files = (
			);
			inputFileListPaths = (
				"${PODS_ROOT}/Target Support Files/Pods-FirebaseCloudFireStorePractice/Pods-FirebaseCloudFireStorePractice-frameworks-${CONFIGURATION}-input-files.xcfilelist",
			);
			name = "[CP] Embed Pods Frameworks";
			outputFileListPaths = (
				"${PODS_ROOT}/Target Support Files/Pods-FirebaseCloudFireStorePractice/Pods-FirebaseCloudFireStorePractice-frameworks-${CONFIGURATION}-output-files.xcfilelist",
			);
			runOnlyForDeploymentPostprocessing = 0;
			shellPath = /bin/sh;
			shellScript = "\"${PODS_ROOT}/Target Support Files/Pods-FirebaseCloudFireStorePractice/Pods-FirebaseCloudFireStorePractice-frameworks.sh\"\n";
			showEnvVarsInLog = 0;
		};
/* End PBXShellScriptBuildPhase section */

/* Begin PBXSourcesBuildPhase section */
		75093DE227118ED10010787D /* Sources */ = {
			isa = PBXSourcesBuildPhase;
			buildActionMask = 2147483647;
			files = (
				75093DEE27118ED10010787D /* ViewController.swift in Sources */,
				758485402711C88600B1D4C9 /* CloudFireStoreTestViewController.swift in Sources */,
				75093DEA27118ED10010787D /* AppDelegate.swift in Sources */,
				7584853A2711BFB100B1D4C9 /* SignUpViewController.swift in Sources */,
				7584853C2711BFC500B1D4C9 /* LoginViewController.swift in Sources */,
				7584853E2711C16A00B1D4C9 /* FirebaseUtil.swift in Sources */,
				75093DEC27118ED10010787D /* SceneDelegate.swift in Sources */,
			);
			runOnlyForDeploymentPostprocessing = 0;
		};
/* End PBXSourcesBuildPhase section */

/* Begin PBXVariantGroup section */
		75093DEF27118ED10010787D /* Main.storyboard */ = {
			isa = PBXVariantGroup;
			children = (
				75093DF027118ED10010787D /* Base */,
			);
			name = Main.storyboard;
			sourceTree = "<group>";
		};
		75093DF427118ED50010787D /* LaunchScreen.storyboard */ = {
			isa = PBXVariantGroup;
			children = (
				75093DF527118ED50010787D /* Base */,
			);
			name = LaunchScreen.storyboard;
			sourceTree = "<group>";
		};
/* End PBXVariantGroup section */

/* Begin XCBuildConfiguration section */
		75093DF827118ED50010787D /* Debug */ = {
			isa = XCBuildConfiguration;
			buildSettings = {
				ALWAYS_SEARCH_USER_PATHS = NO;
				CLANG_ANALYZER_NONNULL = YES;
				CLANG_ANALYZER_NUMBER_OBJECT_CONVERSION = YES_AGGRESSIVE;
				CLANG_CXX_LANGUAGE_STANDARD = "gnu++17";
				CLANG_CXX_LIBRARY = "libc++";
				CLANG_ENABLE_MODULES = YES;
				CLANG_ENABLE_OBJC_ARC = YES;
				CLANG_ENABLE_OBJC_WEAK = YES;
				CLANG_WARN_BLOCK_CAPTURE_AUTORELEASING = YES;
				CLANG_WARN_BOOL_CONVERSION = YES;
				CLANG_WARN_COMMA = YES;
				CLANG_WARN_CONSTANT_CONVERSION = YES;
				CLANG_WARN_DEPRECATED_OBJC_IMPLEMENTATIONS = YES;
				CLANG_WARN_DIRECT_OBJC_ISA_USAGE = YES_ERROR;
				CLANG_WARN_DOCUMENTATION_COMMENTS = YES;
				CLANG_WARN_EMPTY_BODY = YES;
				CLANG_WARN_ENUM_CONVERSION = YES;
				CLANG_WARN_INFINITE_RECURSION = YES;
				CLANG_WARN_INT_CONVERSION = YES;
				CLANG_WARN_NON_LITERAL_NULL_CONVERSION = YES;
				CLANG_WARN_OBJC_IMPLICIT_RETAIN_SELF = YES;
				CLANG_WARN_OBJC_LITERAL_CONVERSION = YES;
				CLANG_WARN_OBJC_ROOT_CLASS = YES_ERROR;
				CLANG_WARN_QUOTED_INCLUDE_IN_FRAMEWORK_HEADER = YES;
				CLANG_WARN_RANGE_LOOP_ANALYSIS = YES;
				CLANG_WARN_STRICT_PROTOTYPES = YES;
				CLANG_WARN_SUSPICIOUS_MOVE = YES;
				CLANG_WARN_UNGUARDED_AVAILABILITY = YES_AGGRESSIVE;
				CLANG_WARN_UNREACHABLE_CODE = YES;
				CLANG_WARN__DUPLICATE_METHOD_MATCH = YES;
				COPY_PHASE_STRIP = NO;
				DEBUG_INFORMATION_FORMAT = dwarf;
				ENABLE_STRICT_OBJC_MSGSEND = YES;
				ENABLE_TESTABILITY = YES;
				GCC_C_LANGUAGE_STANDARD = gnu11;
				GCC_DYNAMIC_NO_PIC = NO;
				GCC_NO_COMMON_BLOCKS = YES;
				GCC_OPTIMIZATION_LEVEL = 0;
				GCC_PREPROCESSOR_DEFINITIONS = (
					"DEBUG=1",
					"$(inherited)",
				);
				GCC_WARN_64_TO_32_BIT_CONVERSION = YES;
				GCC_WARN_ABOUT_RETURN_TYPE = YES_ERROR;
				GCC_WARN_UNDECLARED_SELECTOR = YES;
				GCC_WARN_UNINITIALIZED_AUTOS = YES_AGGRESSIVE;
				GCC_WARN_UNUSED_FUNCTION = YES;
				GCC_WARN_UNUSED_VARIABLE = YES;
				IPHONEOS_DEPLOYMENT_TARGET = 15.0;
				MTL_ENABLE_DEBUG_INFO = INCLUDE_SOURCE;
				MTL_FAST_MATH = YES;
				ONLY_ACTIVE_ARCH = YES;
				SDKROOT = iphoneos;
				SWIFT_ACTIVE_COMPILATION_CONDITIONS = DEBUG;
				SWIFT_OPTIMIZATION_LEVEL = "-Onone";
			};
			name = Debug;
		};
		75093DF927118ED50010787D /* Release */ = {
			isa = XCBuildConfiguration;
			buildSettings = {
				ALWAYS_SEARCH_USER_PATHS = NO;
				CLANG_ANALYZER_NONNULL = YES;
				CLANG_ANALYZER_NUMBER_OBJECT_CONVERSION = YES_AGGRESSIVE;
				CLANG_CXX_LANGUAGE_STANDARD = "gnu++17";
				CLANG_CXX_LIBRARY = "libc++";
				CLANG_ENABLE_MODULES = YES;
				CLANG_ENABLE_OBJC_ARC = YES;
				CLANG_ENABLE_OBJC_WEAK = YES;
				CLANG_WARN_BLOCK_CAPTURE_AUTORELEASING = YES;
				CLANG_WARN_BOOL_CONVERSION = YES;
				CLANG_WARN_COMMA = YES;
				CLANG_WARN_CONSTANT_CONVERSION = YES;
				CLANG_WARN_DEPRECATED_OBJC_IMPLEMENTATIONS = YES;
				CLANG_WARN_DIRECT_OBJC_ISA_USAGE = YES_ERROR;
				CLANG_WARN_DOCUMENTATION_COMMENTS = YES;
				CLANG_WARN_EMPTY_BODY = YES;
				CLANG_WARN_ENUM_CONVERSION = YES;
				CLANG_WARN_INFINITE_RECURSION = YES;
				CLANG_WARN_INT_CONVERSION = YES;
				CLANG_WARN_NON_LITERAL_NULL_CONVERSION = YES;
				CLANG_WARN_OBJC_IMPLICIT_RETAIN_SELF = YES;
				CLANG_WARN_OBJC_LITERAL_CONVERSION = YES;
				CLANG_WARN_OBJC_ROOT_CLASS = YES_ERROR;
				CLANG_WARN_QUOTED_INCLUDE_IN_FRAMEWORK_HEADER = YES;
				CLANG_WARN_RANGE_LOOP_ANALYSIS = YES;
				CLANG_WARN_STRICT_PROTOTYPES = YES;
				CLANG_WARN_SUSPICIOUS_MOVE = YES;
				CLANG_WARN_UNGUARDED_AVAILABILITY = YES_AGGRESSIVE;
				CLANG_WARN_UNREACHABLE_CODE = YES;
				CLANG_WARN__DUPLICATE_METHOD_MATCH = YES;
				COPY_PHASE_STRIP = NO;
				DEBUG_INFORMATION_FORMAT = "dwarf-with-dsym";
				ENABLE_NS_ASSERTIONS = NO;
				ENABLE_STRICT_OBJC_MSGSEND = YES;
				GCC_C_LANGUAGE_STANDARD = gnu11;
				GCC_NO_COMMON_BLOCKS = YES;
				GCC_WARN_64_TO_32_BIT_CONVERSION = YES;
				GCC_WARN_ABOUT_RETURN_TYPE = YES_ERROR;
				GCC_WARN_UNDECLARED_SELECTOR = YES;
				GCC_WARN_UNINITIALIZED_AUTOS = YES_AGGRESSIVE;
				GCC_WARN_UNUSED_FUNCTION = YES;
				GCC_WARN_UNUSED_VARIABLE = YES;
				IPHONEOS_DEPLOYMENT_TARGET = 15.0;
				MTL_ENABLE_DEBUG_INFO = NO;
				MTL_FAST_MATH = YES;
				SDKROOT = iphoneos;
				SWIFT_COMPILATION_MODE = wholemodule;
				SWIFT_OPTIMIZATION_LEVEL = "-O";
				VALIDATE_PRODUCT = YES;
			};
			name = Release;
		};
		75093DFB27118ED50010787D /* Debug */ = {
			isa = XCBuildConfiguration;
			baseConfigurationReference = D90F89FA49CC995DDF0641E5 /* Pods-FirebaseCloudFireStorePractice.debug.xcconfig */;
			buildSettings = {
				ASSETCATALOG_COMPILER_APPICON_NAME = AppIcon;
				ASSETCATALOG_COMPILER_GLOBAL_ACCENT_COLOR_NAME = AccentColor;
				CODE_SIGN_STYLE = Automatic;
				CURRENT_PROJECT_VERSION = 1;
				DEVELOPMENT_TEAM = N53995CJPD;
				GENERATE_INFOPLIST_FILE = YES;
				INFOPLIST_FILE = FirebaseCloudFireStorePractice/Info.plist;
				INFOPLIST_KEY_UIApplicationSupportsIndirectInputEvents = YES;
				INFOPLIST_KEY_UILaunchStoryboardName = LaunchScreen;
				INFOPLIST_KEY_UIMainStoryboardFile = Main;
				INFOPLIST_KEY_UISupportedInterfaceOrientations_iPad = "UIInterfaceOrientationPortrait UIInterfaceOrientationPortraitUpsideDown UIInterfaceOrientationLandscapeLeft UIInterfaceOrientationLandscapeRight";
				INFOPLIST_KEY_UISupportedInterfaceOrientations_iPhone = "UIInterfaceOrientationPortrait UIInterfaceOrientationLandscapeLeft UIInterfaceOrientationLandscapeRight";
				LD_RUNPATH_SEARCH_PATHS = (
					"$(inherited)",
					"@executable_path/Frameworks",
				);
				MARKETING_VERSION = 1.0;
				PRODUCT_BUNDLE_IDENTIFIER = com.tatsuo.FirebaseCloudFireStorePractice;
				PRODUCT_NAME = "$(TARGET_NAME)";
				SWIFT_EMIT_LOC_STRINGS = YES;
				SWIFT_VERSION = 5.0;
				TARGETED_DEVICE_FAMILY = "1,2";
			};
			name = Debug;
		};
		75093DFC27118ED50010787D /* Release */ = {
			isa = XCBuildConfiguration;
			baseConfigurationReference = 4E138FE3EB8CB1B9F596AB47 /* Pods-FirebaseCloudFireStorePractice.release.xcconfig */;
			buildSettings = {
				ASSETCATALOG_COMPILER_APPICON_NAME = AppIcon;
				ASSETCATALOG_COMPILER_GLOBAL_ACCENT_COLOR_NAME = AccentColor;
				CODE_SIGN_STYLE = Automatic;
				CURRENT_PROJECT_VERSION = 1;
				DEVELOPMENT_TEAM = N53995CJPD;
				GENERATE_INFOPLIST_FILE = YES;
				INFOPLIST_FILE = FirebaseCloudFireStorePractice/Info.plist;
				INFOPLIST_KEY_UIApplicationSupportsIndirectInputEvents = YES;
				INFOPLIST_KEY_UILaunchStoryboardName = LaunchScreen;
				INFOPLIST_KEY_UIMainStoryboardFile = Main;
				INFOPLIST_KEY_UISupportedInterfaceOrientations_iPad = "UIInterfaceOrientationPortrait UIInterfaceOrientationPortraitUpsideDown UIInterfaceOrientationLandscapeLeft UIInterfaceOrientationLandscapeRight";
				INFOPLIST_KEY_UISupportedInterfaceOrientations_iPhone = "UIInterfaceOrientationPortrait UIInterfaceOrientationLandscapeLeft UIInterfaceOrientationLandscapeRight";
				LD_RUNPATH_SEARCH_PATHS = (
					"$(inherited)",
					"@executable_path/Frameworks",
				);
				MARKETING_VERSION = 1.0;
				PRODUCT_BUNDLE_IDENTIFIER = com.tatsuo.FirebaseCloudFireStorePractice;
				PRODUCT_NAME = "$(TARGET_NAME)";
				SWIFT_EMIT_LOC_STRINGS = YES;
				SWIFT_VERSION = 5.0;
				TARGETED_DEVICE_FAMILY = "1,2";
			};
			name = Release;
		};
/* End XCBuildConfiguration section */

/* Begin XCConfigurationList section */
		75093DE127118ED10010787D /* Build configuration list for PBXProject "FirebaseCloudFireStorePractice" */ = {
			isa = XCConfigurationList;
			buildConfigurations = (
				75093DF827118ED50010787D /* Debug */,
				75093DF927118ED50010787D /* Release */,
			);
			defaultConfigurationIsVisible = 0;
			defaultConfigurationName = Release;
		};
		75093DFA27118ED50010787D /* Build configuration list for PBXNativeTarget "FirebaseCloudFireStorePractice" */ = {
			isa = XCConfigurationList;
			buildConfigurations = (
				75093DFB27118ED50010787D /* Debug */,
				75093DFC27118ED50010787D /* Release */,
			);
			defaultConfigurationIsVisible = 0;
			defaultConfigurationName = Release;
		};
/* End XCConfigurationList section */
	};
	rootObject = 75093DDE27118ED10010787D /* Project object */;
}
